
Microsoft Visual Studio Solution File, Format Version 12.00
# Visual Studio Version 17
VisualStudioVersion = 17.7.34031.279
MinimumVisualStudioVersion = 10.0.40219.1
Project("{FAE04EC0-301F-11D3-BF4B-00C04F79EFBC}") = "HW1", "HW1.csproj", "{90C53423-87A5-4709-806A-53E044C72D4F}"
EndProject
Global
	GlobalSection(SolutionConfigurationPlatforms) = preSolution
		Debug|Any CPU = Debug|Any CPU
		Release|Any CPU = Release|Any CPU
	EndGlobalSection
	GlobalSection(ProjectConfigurationPlatforms) = postSolution
		{90C53423-87A5-4709-806A-53E044C72D4F}.Debug|Any CPU.ActiveCfg = Debug|Any CPU
		{90C53423-87A5-4709-806A-53E044C72D4F}.Debug|Any CPU.Build.0 = Debug|Any CPU
		{90C53423-87A5-4709-806A-53E044C72D4F}.Release|Any CPU.ActiveCfg = Release|Any CPU
		{90C53423-87A5-4709-806A-53E044C72D4F}.Release|Any CPU.Build.0 = Release|Any CPU
	EndGlobalSection
	GlobalSection(SolutionProperties) = preSolution
		HideSolutionNode = FALSE
	EndGlobalSection
	GlobalSection(ExtensibilityGlobals) = postSolution
		SolutionGuid = {EC127294-09EB-447A-9674-5F616B3CF6B7}
	EndGlobalSection
EndGlobal
