
Microsoft Visual Studio Solution File, Format Version 12.00
# Visual Studio Version 17
VisualStudioVersion = 17.7.34202.233
MinimumVisualStudioVersion = 10.0.40219.1
Project("{9A19103F-16F7-4668-BE54-9A1E7A4F7556}") = "HW10_1", "HW10_1.csproj", "{12F3E9D8-1703-4F92-876D-7A74FE99C7F0}"
EndProject
Project("{FAE04EC0-301F-11D3-BF4B-00C04F79EFBC}") = "TestHW10_1", "..\TestHW10_1\TestHW10_1.csproj", "{0E141F37-FBAA-427B-BA37-F17127364850}"
EndProject
Global
	GlobalSection(SolutionConfigurationPlatforms) = preSolution
		Debug|Any CPU = Debug|Any CPU
		Release|Any CPU = Release|Any CPU
	EndGlobalSection
	GlobalSection(ProjectConfigurationPlatforms) = postSolution
		{12F3E9D8-1703-4F92-876D-7A74FE99C7F0}.Debug|Any CPU.ActiveCfg = Debug|Any CPU
		{12F3E9D8-1703-4F92-876D-7A74FE99C7F0}.Debug|Any CPU.Build.0 = Debug|Any CPU
		{12F3E9D8-1703-4F92-876D-7A74FE99C7F0}.Release|Any CPU.ActiveCfg = Release|Any CPU
		{12F3E9D8-1703-4F92-876D-7A74FE99C7F0}.Release|Any CPU.Build.0 = Release|Any CPU
		{0E141F37-FBAA-427B-BA37-F17127364850}.Debug|Any CPU.ActiveCfg = Debug|Any CPU
		{0E141F37-FBAA-427B-BA37-F17127364850}.Debug|Any CPU.Build.0 = Debug|Any CPU
		{0E141F37-FBAA-427B-BA37-F17127364850}.Release|Any CPU.ActiveCfg = Release|Any CPU
		{0E141F37-FBAA-427B-BA37-F17127364850}.Release|Any CPU.Build.0 = Release|Any CPU
	EndGlobalSection
	GlobalSection(SolutionProperties) = preSolution
		HideSolutionNode = FALSE
	EndGlobalSection
	GlobalSection(ExtensibilityGlobals) = postSolution
		SolutionGuid = {46ADF4BE-3C36-40D2-913B-9B66EEAE928F}
	EndGlobalSection
EndGlobal
